{
  "name": "contracts",
  "version": "0.1.0",
  "lockfileVersion": 2,
  "requires": true,
  "packages": {
    "": {
      "name": "contracts",
      "version": "0.1.0",
      "license": "MIT",
      "dependencies": {
        "@leofcoin/standards": "^0.1.1"
      }
    },
    "node_modules/@leofcoin/standards": {
      "version": "0.1.1",
      "resolved": "https://registry.npmjs.org/@leofcoin/standards/-/standards-0.1.1.tgz",
      "integrity": "sha512-AYUSKltJZG2UdyJreTrwngBHkSoalQ+jQkV4D9khZfGVE8XEqYa7cbJtL7dbycR22xbRP1WhqDtmbHUj/ino/w=="
    }
  },
  "dependencies": {
    "@leofcoin/standards": {
      "version": "0.1.1",
      "resolved": "https://registry.npmjs.org/@leofcoin/standards/-/standards-0.1.1.tgz",
      "integrity": "sha512-AYUSKltJZG2UdyJreTrwngBHkSoalQ+jQkV4D9khZfGVE8XEqYa7cbJtL7dbycR22xbRP1WhqDtmbHUj/ino/w=="
    }
  }
}
